
Microsoft Visual Studio Solution File, Format Version 12.00
# Visual Studio 16
Project("{FAE04EC0-301F-11D3-BF4B-00C04F79EFBC}") = "Assembly-CSharp", "Assembly-CSharp.csproj", "{03DB62DB-2BC4-80EA-3211-90EF7566F725}"
EndProject
Project("{FAE04EC0-301F-11D3-BF4B-00C04F79EFBC}") = "Assembly-CSharp-Editor", "Assembly-CSharp-Editor.csproj", "{71D8474E-DC6D-43DB-8BA9-2D525E6399F6}"
EndProject
Global
	GlobalSection(SolutionConfigurationPlatforms) = preSolution
		Debug|Any CPU = Debug|Any CPU
		Release|Any CPU = Release|Any CPU
	EndGlobalSection
	GlobalSection(ProjectConfigurationPlatforms) = postSolution
		{03DB62DB-2BC4-80EA-3211-90EF7566F725}.Debug|Any CPU.ActiveCfg = Debug|Any CPU
		{03DB62DB-2BC4-80EA-3211-90EF7566F725}.Debug|Any CPU.Build.0 = Debug|Any CPU
		{03DB62DB-2BC4-80EA-3211-90EF7566F725}.Release|Any CPU.ActiveCfg = Release|Any CPU
		{03DB62DB-2BC4-80EA-3211-90EF7566F725}.Release|Any CPU.Build.0 = Release|Any CPU
		{71D8474E-DC6D-43DB-8BA9-2D525E6399F6}.Debug|Any CPU.ActiveCfg = Debug|Any CPU
		{71D8474E-DC6D-43DB-8BA9-2D525E6399F6}.Debug|Any CPU.Build.0 = Debug|Any CPU
		{71D8474E-DC6D-43DB-8BA9-2D525E6399F6}.Release|Any CPU.ActiveCfg = Release|Any CPU
		{71D8474E-DC6D-43DB-8BA9-2D525E6399F6}.Release|Any CPU.Build.0 = Release|Any CPU
	EndGlobalSection
	GlobalSection(SolutionProperties) = preSolution
		HideSolutionNode = FALSE
	EndGlobalSection
	GlobalSection(MonoDevelopProperties) = preSolution
		StartupItem = Assembly-CSharp.csproj
	EndGlobalSection
EndGlobal
